lockVersion: 2.0.0
id: 371adc91-0efc-4b95-91ea-51dc013cd9f6
management:
  docChecksum: 2106d7770cf7d4ba3601d713b9daf0e9
  docVersion: 1.0.0
  speakeasyVersion: 1.420.0
  generationVersion: 2.438.15
  releaseVersion: 0.0.1
  configChecksum: 58e47004022a5ed4541fa4ef74031f81
features:
  typescript:
    additionalDependencies: 0.1.0
    core: 3.18.2
    defaultEnabledRetries: 0.1.0
    devContainers: 2.90.0
    envVarSecurityUsage: 0.1.1
    globalSecurityCallbacks: 0.1.0
    globalServerURLs: 2.82.4
    responseFormat: 0.2.3
    retries: 2.83.0
    sdkHooks: 0.1.0
    unions: 2.85.7
generatedFiles:
  - .devcontainer/README.md
  - .devcontainer/devcontainer.json
  - .devcontainer/setup.sh
  - .eslintrc.cjs
  - .gitattributes
  - .npmignore
  - CONTRIBUTING.md
  - FUNCTIONS.md
  - RUNTIMES.md
  - USAGE.md
  - docs/lib/utils/retryconfig.md
  - docs/models/components/createerror.md
  - docs/models/components/issues.md
  - docs/models/components/path.md
  - docs/models/components/userinsert.md
  - docs/models/components/userselect.md
  - docs/models/errors/createmessageobject.md
  - docs/models/errors/createuserresponsebody.md
  - docs/models/errors/getuserresponsebody.md
  - docs/models/operations/getuserrequest.md
  - docs/sdks/sdk/README.md
  - docs/sdks/users/README.md
  - jsr.json
  - package.json
  - src/core.ts
  - src/funcs/createUser.ts
  - src/funcs/getUser.ts
  - src/funcs/usersGetUsers.ts
  - src/hooks/hooks.ts
  - src/hooks/index.ts
  - src/hooks/types.ts
  - src/index.ts
  - src/lib/base64.ts
  - src/lib/config.ts
  - src/lib/dlv.ts
  - src/lib/encodings.ts
  - src/lib/env.ts
  - src/lib/files.ts
  - src/lib/http.ts
  - src/lib/is-plain-object.ts
  - src/lib/logger.ts
  - src/lib/matchers.ts
  - src/lib/primitives.ts
  - src/lib/retries.ts
  - src/lib/schemas.ts
  - src/lib/sdks.ts
  - src/lib/security.ts
  - src/lib/url.ts
  - src/models/components/createerror.ts
  - src/models/components/index.ts
  - src/models/components/userinsert.ts
  - src/models/components/userselect.ts
  - src/models/errors/createmessageobject.ts
  - src/models/errors/createuser.ts
  - src/models/errors/getuser.ts
  - src/models/errors/httpclienterrors.ts
  - src/models/errors/index.ts
  - src/models/errors/sdkerror.ts
  - src/models/errors/sdkvalidationerror.ts
  - src/models/operations/getuser.ts
  - src/models/operations/index.ts
  - src/sdk/index.ts
  - src/sdk/sdk.ts
  - src/sdk/users.ts
  - src/types/blobs.ts
  - src/types/constdatetime.ts
  - src/types/enums.ts
  - src/types/fp.ts
  - src/types/index.ts
  - src/types/operations.ts
  - src/types/rfcdate.ts
  - src/types/streams.ts
  - tsconfig.json
examples:
  createUser:
    speakeasy-default-create-user:
      requestBody:
        application/json: {"name": "John Doe", "age": 42}
      responses:
        "200":
          application/json: {"id": "123", "name": "John Doe", "age": 42}
        "404":
          application/json: {"message": "Not Found"}
        "422":
          application/json: {"success": false, "error": {"issues": [{"code": "<value>", "path": []}, {"code": "<value>", "path": []}], "name": "<value>"}}
  getUser:
    speakeasy-default-get-user:
      parameters:
        path:
          id: "423"
      responses:
        "200":
          application/json: {"id": "123", "name": "John Doe", "age": 42}
        "404":
          application/json: {"message": "Not Found"}
        "422":
          application/json: {"success": false, "error": {"issues": [{"code": "<value>", "path": []}, {"code": "<value>", "path": ["5768.38", "6160.43", "<value>"]}], "name": "<value>"}}
  getUsers:
    speakeasy-default-get-users:
      responses:
        "200":
          application/json: [{"id": "123", "name": "John Doe", "age": 42}]
